
Microsoft Visual Studio Solution File, Format Version 12.00
# Visual Studio Version 17
VisualStudioVersion = 17.14.36811.4 d17.14
MinimumVisualStudioVersion = 10.0.40219.1
Project("{2150E333-8FDC-42A3-9474-1A3956D46DE8}") = "1.CapaDatos", "1.CapaDatos", "{67C92664-3FD8-4870-945C-A48E325389E8}"
EndProject
Project("{2150E333-8FDC-42A3-9474-1A3956D46DE8}") = "2.CapaNegocio", "2.CapaNegocio", "{8366F3E9-674F-4FBA-AB3B-23B403D279B7}"
EndProject
Project("{2150E333-8FDC-42A3-9474-1A3956D46DE8}") = "3.CapaPresentacion", "3.CapaPresentacion", "{566329F6-AAA2-4A9B-9172-02C6F341D275}"
EndProject
Project("{FAE04EC0-301F-11D3-BF4B-00C04F79EFBC}") = "USS.ArcCentral.DataAccess", "USS.FactElectronica.DataAccess\USS.ArcCentral.DataAccess.csproj", "{1B2C199F-92EE-438E-A69C-D9A4EDD31D11}"
EndProject
Project("{FAE04EC0-301F-11D3-BF4B-00C04F79EFBC}") = "USS.ArcCentral.BusinessLogic", "USS.FactElectronica.BusinessLogic\USS.ArcCentral.BusinessLogic.csproj", "{452C5A23-AFCF-4214-99AA-8807520055D1}"
EndProject
Project("{FAE04EC0-301F-11D3-BF4B-00C04F79EFBC}") = "USS.ArcCentral.Presentacion", "USS.ArcCentral.Presentacion\USS.ArcCentral.Presentacion.csproj", "{CD05E2A6-7A34-41D0-AB06-08653F0E4418}"
EndProject
Global
	GlobalSection(SolutionConfigurationPlatforms) = preSolution
		Debug|Any CPU = Debug|Any CPU
		Release|Any CPU = Release|Any CPU
	EndGlobalSection
	GlobalSection(ProjectConfigurationPlatforms) = postSolution
		{1B2C199F-92EE-438E-A69C-D9A4EDD31D11}.Debug|Any CPU.ActiveCfg = Debug|Any CPU
		{1B2C199F-92EE-438E-A69C-D9A4EDD31D11}.Debug|Any CPU.Build.0 = Debug|Any CPU
		{1B2C199F-92EE-438E-A69C-D9A4EDD31D11}.Release|Any CPU.ActiveCfg = Release|Any CPU
		{1B2C199F-92EE-438E-A69C-D9A4EDD31D11}.Release|Any CPU.Build.0 = Release|Any CPU
		{452C5A23-AFCF-4214-99AA-8807520055D1}.Debug|Any CPU.ActiveCfg = Debug|Any CPU
		{452C5A23-AFCF-4214-99AA-8807520055D1}.Debug|Any CPU.Build.0 = Debug|Any CPU
		{452C5A23-AFCF-4214-99AA-8807520055D1}.Release|Any CPU.ActiveCfg = Release|Any CPU
		{452C5A23-AFCF-4214-99AA-8807520055D1}.Release|Any CPU.Build.0 = Release|Any CPU
		{CD05E2A6-7A34-41D0-AB06-08653F0E4418}.Debug|Any CPU.ActiveCfg = Debug|Any CPU
		{CD05E2A6-7A34-41D0-AB06-08653F0E4418}.Debug|Any CPU.Build.0 = Debug|Any CPU
		{CD05E2A6-7A34-41D0-AB06-08653F0E4418}.Release|Any CPU.ActiveCfg = Release|Any CPU
		{CD05E2A6-7A34-41D0-AB06-08653F0E4418}.Release|Any CPU.Build.0 = Release|Any CPU
	EndGlobalSection
	GlobalSection(SolutionProperties) = preSolution
		HideSolutionNode = FALSE
	EndGlobalSection
	GlobalSection(NestedProjects) = preSolution
		{1B2C199F-92EE-438E-A69C-D9A4EDD31D11} = {67C92664-3FD8-4870-945C-A48E325389E8}
		{452C5A23-AFCF-4214-99AA-8807520055D1} = {8366F3E9-674F-4FBA-AB3B-23B403D279B7}
		{CD05E2A6-7A34-41D0-AB06-08653F0E4418} = {566329F6-AAA2-4A9B-9172-02C6F341D275}
	EndGlobalSection
	GlobalSection(ExtensibilityGlobals) = postSolution
		SolutionGuid = {B9588603-2DD8-4A29-93D8-8C952F3F4058}
	EndGlobalSection
EndGlobal
